
Microsoft Visual Studio Solution File, Format Version 12.00
# Visual Studio 15
Project("{FAE04EC0-301F-11D3-BF4B-00C04F79EFBC}") = "Assembly-CSharp", "Assembly-CSharp.csproj", "{EFA08725-31CC-97AA-5ABC-00B35F34EDF2}"
EndProject
Project("{FAE04EC0-301F-11D3-BF4B-00C04F79EFBC}") = "PrimeTween.Demo", "PrimeTween.Demo.csproj", "{FCEBE42A-9BE7-62CF-10DD-13D4AC928693}"
EndProject
Project("{FAE04EC0-301F-11D3-BF4B-00C04F79EFBC}") = "Assembly-CSharp-firstpass", "Assembly-CSharp-firstpass.csproj", "{E4F0995C-9A0C-6C51-39BD-27B0E0C28056}"
EndProject
Project("{FAE04EC0-301F-11D3-BF4B-00C04F79EFBC}") = "PrimeTween.Debug", "PrimeTween.Debug.csproj", "{7B94CF87-4702-DD4B-16FF-06D3637A71A0}"
EndProject
Project("{FAE04EC0-301F-11D3-BF4B-00C04F79EFBC}") = "PrimeTween.Installer", "PrimeTween.Installer.csproj", "{9F019AEB-D56D-0474-C208-D4FF3A48C26A}"
EndProject
Global
	GlobalSection(SolutionConfigurationPlatforms) = preSolution
		Debug|Any CPU = Debug|Any CPU
		Release|Any CPU = Release|Any CPU
	EndGlobalSection
	GlobalSection(ProjectConfigurationPlatforms) = postSolution
		{EFA08725-31CC-97AA-5ABC-00B35F34EDF2}.Debug|Any CPU.ActiveCfg = Debug|Any CPU
		{EFA08725-31CC-97AA-5ABC-00B35F34EDF2}.Debug|Any CPU.Build.0 = Debug|Any CPU
		{EFA08725-31CC-97AA-5ABC-00B35F34EDF2}.Release|Any CPU.ActiveCfg = Release|Any CPU
		{EFA08725-31CC-97AA-5ABC-00B35F34EDF2}.Release|Any CPU.Build.0 = Release|Any CPU
		{FCEBE42A-9BE7-62CF-10DD-13D4AC928693}.Debug|Any CPU.ActiveCfg = Debug|Any CPU
		{FCEBE42A-9BE7-62CF-10DD-13D4AC928693}.Debug|Any CPU.Build.0 = Debug|Any CPU
		{FCEBE42A-9BE7-62CF-10DD-13D4AC928693}.Release|Any CPU.ActiveCfg = Release|Any CPU
		{FCEBE42A-9BE7-62CF-10DD-13D4AC928693}.Release|Any CPU.Build.0 = Release|Any CPU
		{E4F0995C-9A0C-6C51-39BD-27B0E0C28056}.Debug|Any CPU.ActiveCfg = Debug|Any CPU
		{E4F0995C-9A0C-6C51-39BD-27B0E0C28056}.Debug|Any CPU.Build.0 = Debug|Any CPU
		{E4F0995C-9A0C-6C51-39BD-27B0E0C28056}.Release|Any CPU.ActiveCfg = Release|Any CPU
		{E4F0995C-9A0C-6C51-39BD-27B0E0C28056}.Release|Any CPU.Build.0 = Release|Any CPU
		{7B94CF87-4702-DD4B-16FF-06D3637A71A0}.Debug|Any CPU.ActiveCfg = Debug|Any CPU
		{7B94CF87-4702-DD4B-16FF-06D3637A71A0}.Debug|Any CPU.Build.0 = Debug|Any CPU
		{7B94CF87-4702-DD4B-16FF-06D3637A71A0}.Release|Any CPU.ActiveCfg = Release|Any CPU
		{7B94CF87-4702-DD4B-16FF-06D3637A71A0}.Release|Any CPU.Build.0 = Release|Any CPU
		{9F019AEB-D56D-0474-C208-D4FF3A48C26A}.Debug|Any CPU.ActiveCfg = Debug|Any CPU
		{9F019AEB-D56D-0474-C208-D4FF3A48C26A}.Debug|Any CPU.Build.0 = Debug|Any CPU
		{9F019AEB-D56D-0474-C208-D4FF3A48C26A}.Release|Any CPU.ActiveCfg = Release|Any CPU
		{9F019AEB-D56D-0474-C208-D4FF3A48C26A}.Release|Any CPU.Build.0 = Release|Any CPU
	EndGlobalSection
	GlobalSection(SolutionProperties) = preSolution
		HideSolutionNode = FALSE
	EndGlobalSection
EndGlobal
