
Microsoft Visual Studio Solution File, Format Version 12.00
# Visual Studio 15
Project("{FAE04EC0-301F-11D3-BF4B-00C04F79EFBC}") = "Assembly-CSharp", "Assembly-CSharp.csproj", "{67824859-20F4-E5F4-4735-EFED83641230}"
EndProject
Project("{FAE04EC0-301F-11D3-BF4B-00C04F79EFBC}") = "PrimeTween.Demo", "PrimeTween.Demo.csproj", "{9FCCD49E-13DD-5FCC-C239-867F045028C2}"
EndProject
Project("{FAE04EC0-301F-11D3-BF4B-00C04F79EFBC}") = "Assembly-CSharp-firstpass", "Assembly-CSharp-firstpass.csproj", "{49ECE3A1-88C8-FFAD-A86C-198E5D92EC57}"
EndProject
Project("{FAE04EC0-301F-11D3-BF4B-00C04F79EFBC}") = "PrimeTween.Debug", "PrimeTween.Debug.csproj", "{B199A136-561A-B335-523C-925A7F78E4BD}"
EndProject
Project("{FAE04EC0-301F-11D3-BF4B-00C04F79EFBC}") = "PrimeTween.Installer", "PrimeTween.Installer.csproj", "{08DEE177-ACD8-EF07-E8C9-FB2FAF9DC2AD}"
EndProject
Global
	GlobalSection(SolutionConfigurationPlatforms) = preSolution
		Debug|Any CPU = Debug|Any CPU
		Release|Any CPU = Release|Any CPU
	EndGlobalSection
	GlobalSection(ProjectConfigurationPlatforms) = postSolution
		{67824859-20F4-E5F4-4735-EFED83641230}.Debug|Any CPU.ActiveCfg = Debug|Any CPU
		{67824859-20F4-E5F4-4735-EFED83641230}.Debug|Any CPU.Build.0 = Debug|Any CPU
		{67824859-20F4-E5F4-4735-EFED83641230}.Release|Any CPU.ActiveCfg = Release|Any CPU
		{67824859-20F4-E5F4-4735-EFED83641230}.Release|Any CPU.Build.0 = Release|Any CPU
		{9FCCD49E-13DD-5FCC-C239-867F045028C2}.Debug|Any CPU.ActiveCfg = Debug|Any CPU
		{9FCCD49E-13DD-5FCC-C239-867F045028C2}.Debug|Any CPU.Build.0 = Debug|Any CPU
		{9FCCD49E-13DD-5FCC-C239-867F045028C2}.Release|Any CPU.ActiveCfg = Release|Any CPU
		{9FCCD49E-13DD-5FCC-C239-867F045028C2}.Release|Any CPU.Build.0 = Release|Any CPU
		{49ECE3A1-88C8-FFAD-A86C-198E5D92EC57}.Debug|Any CPU.ActiveCfg = Debug|Any CPU
		{49ECE3A1-88C8-FFAD-A86C-198E5D92EC57}.Debug|Any CPU.Build.0 = Debug|Any CPU
		{49ECE3A1-88C8-FFAD-A86C-198E5D92EC57}.Release|Any CPU.ActiveCfg = Release|Any CPU
		{49ECE3A1-88C8-FFAD-A86C-198E5D92EC57}.Release|Any CPU.Build.0 = Release|Any CPU
		{B199A136-561A-B335-523C-925A7F78E4BD}.Debug|Any CPU.ActiveCfg = Debug|Any CPU
		{B199A136-561A-B335-523C-925A7F78E4BD}.Debug|Any CPU.Build.0 = Debug|Any CPU
		{B199A136-561A-B335-523C-925A7F78E4BD}.Release|Any CPU.ActiveCfg = Release|Any CPU
		{B199A136-561A-B335-523C-925A7F78E4BD}.Release|Any CPU.Build.0 = Release|Any CPU
		{08DEE177-ACD8-EF07-E8C9-FB2FAF9DC2AD}.Debug|Any CPU.ActiveCfg = Debug|Any CPU
		{08DEE177-ACD8-EF07-E8C9-FB2FAF9DC2AD}.Debug|Any CPU.Build.0 = Debug|Any CPU
		{08DEE177-ACD8-EF07-E8C9-FB2FAF9DC2AD}.Release|Any CPU.ActiveCfg = Release|Any CPU
		{08DEE177-ACD8-EF07-E8C9-FB2FAF9DC2AD}.Release|Any CPU.Build.0 = Release|Any CPU
	EndGlobalSection
	GlobalSection(SolutionProperties) = preSolution
		HideSolutionNode = FALSE
	EndGlobalSection
EndGlobal
